
Microsoft Visual Studio Solution File, Format Version 12.00
# Visual Studio 15
VisualStudioVersion = 15.0.27703.2000
MinimumVisualStudioVersion = 10.0.40219.1
Project("{FAE04EC0-301F-11D3-BF4B-00C04F79EFBC}") = "OpenPay Payment PLan", "OpenPay Payment PLan\OpenPay Payment PLan.csproj", "{CA8B4515-78E6-4839-8B5A-1D42DD5361C6}"
EndProject
Project("{FAE04EC0-301F-11D3-BF4B-00C04F79EFBC}") = "OpenPay Test", "OpenPay Test\OpenPay Test.csproj", "{EB430185-C80C-4618-BF58-0227F01393B4}"
EndProject
Global
	GlobalSection(SolutionConfigurationPlatforms) = preSolution
		Debug|Any CPU = Debug|Any CPU
		Release|Any CPU = Release|Any CPU
	EndGlobalSection
	GlobalSection(ProjectConfigurationPlatforms) = postSolution
		{CA8B4515-78E6-4839-8B5A-1D42DD5361C6}.Debug|Any CPU.ActiveCfg = Debug|Any CPU
		{CA8B4515-78E6-4839-8B5A-1D42DD5361C6}.Debug|Any CPU.Build.0 = Debug|Any CPU
		{CA8B4515-78E6-4839-8B5A-1D42DD5361C6}.Release|Any CPU.ActiveCfg = Release|Any CPU
		{CA8B4515-78E6-4839-8B5A-1D42DD5361C6}.Release|Any CPU.Build.0 = Release|Any CPU
		{EB430185-C80C-4618-BF58-0227F01393B4}.Debug|Any CPU.ActiveCfg = Debug|Any CPU
		{EB430185-C80C-4618-BF58-0227F01393B4}.Debug|Any CPU.Build.0 = Debug|Any CPU
		{EB430185-C80C-4618-BF58-0227F01393B4}.Release|Any CPU.ActiveCfg = Release|Any CPU
		{EB430185-C80C-4618-BF58-0227F01393B4}.Release|Any CPU.Build.0 = Release|Any CPU
	EndGlobalSection
	GlobalSection(SolutionProperties) = preSolution
		HideSolutionNode = FALSE
	EndGlobalSection
	GlobalSection(ExtensibilityGlobals) = postSolution
		SolutionGuid = {D77963B1-38F8-470F-BC67-2C539EEC2400}
	EndGlobalSection
EndGlobal
